{
  "name": "@seangenabe/mutex",
  "version": "1.0.1",
  "lockfileVersion": 1,
  "requires": true,
  "dependencies": {
    "nay": {
      "version": "1.0.2",
      "resolved": "https://registry.npmjs.org/nay/-/nay-1.0.2.tgz",
      "integrity": "sha1-JP8R6tH1303vekfVrgYK8STAiyc="
    },
    "typescript": {
      "version": "2.6.2",
      "resolved": "https://registry.npmjs.org/typescript/-/typescript-2.6.2.tgz",
      "integrity": "sha1-PFtv1/beCRQmkCfwPAlGdY92c6Q=",
      "dev": true
    }
  }
}
